
Microsoft Visual Studio Solution File, Format Version 12.00
# Visual Studio Version 17
VisualStudioVersion = 17.1.32210.238
MinimumVisualStudioVersion = 10.0.40219.1
Project("{9A19103F-16F7-4668-BE54-9A1E7A4F7556}") = "Cronus", "Cronus\Cronus.csproj", "{8007FE72-E5A6-4B31-90BE-32429727460F}"
EndProject
Project("{9A19103F-16F7-4668-BE54-9A1E7A4F7556}") = "Cronus.API", "Cronus.API\Cronus.API.csproj", "{86235AAB-6E03-4642-89A3-E58E5D70217C}"
EndProject
Project("{9A19103F-16F7-4668-BE54-9A1E7A4F7556}") = "Cronus.Demo", "Cronus.Demo\Cronus.Demo.csproj", "{75771897-8936-496C-9AA8-30F6A5962AD2}"
EndProject
Project("{9A19103F-16F7-4668-BE54-9A1E7A4F7556}") = "Cronus.NC31", "Cronus.NC31\Cronus.NC31.csproj", "{9BBA9636-A8B2-4FDD-9944-58B39F29168B}"
EndProject
Project("{2150E333-8FDC-42A3-9474-1A3956D46DE8}") = "Solution Items", "Solution Items", "{6E423340-5C49-470F-BC61-053A1D1C4F65}"
	ProjectSection(SolutionItems) = preProject
		D19 ESL Gen 3.0 Middleware Developer Manual.pdf = D19 ESL Gen 3.0 Middleware Developer Manual.pdf
	EndProjectSection
EndProject
Project("{9A19103F-16F7-4668-BE54-9A1E7A4F7556}") = "Cronus.Demo31", "Cronus.Demo31\Cronus.Demo31.csproj", "{3EA84CDC-8ADC-4882-A6C3-EF08A7395400}"
EndProject
Global
	GlobalSection(SolutionConfigurationPlatforms) = preSolution
		Debug|Any CPU = Debug|Any CPU
		Debug|ARM32 = Debug|ARM32
		Release|Any CPU = Release|Any CPU
		Release|ARM32 = Release|ARM32
	EndGlobalSection
	GlobalSection(ProjectConfigurationPlatforms) = postSolution
		{8007FE72-E5A6-4B31-90BE-32429727460F}.Debug|Any CPU.ActiveCfg = Debug|Any CPU
		{8007FE72-E5A6-4B31-90BE-32429727460F}.Debug|Any CPU.Build.0 = Debug|Any CPU
		{8007FE72-E5A6-4B31-90BE-32429727460F}.Debug|ARM32.ActiveCfg = Debug|Any CPU
		{8007FE72-E5A6-4B31-90BE-32429727460F}.Debug|ARM32.Build.0 = Debug|Any CPU
		{8007FE72-E5A6-4B31-90BE-32429727460F}.Release|Any CPU.ActiveCfg = Release|Any CPU
		{8007FE72-E5A6-4B31-90BE-32429727460F}.Release|Any CPU.Build.0 = Release|Any CPU
		{8007FE72-E5A6-4B31-90BE-32429727460F}.Release|ARM32.ActiveCfg = Release|Any CPU
		{8007FE72-E5A6-4B31-90BE-32429727460F}.Release|ARM32.Build.0 = Release|Any CPU
		{86235AAB-6E03-4642-89A3-E58E5D70217C}.Debug|Any CPU.ActiveCfg = Debug|Any CPU
		{86235AAB-6E03-4642-89A3-E58E5D70217C}.Debug|Any CPU.Build.0 = Debug|Any CPU
		{86235AAB-6E03-4642-89A3-E58E5D70217C}.Debug|ARM32.ActiveCfg = Debug|Any CPU
		{86235AAB-6E03-4642-89A3-E58E5D70217C}.Debug|ARM32.Build.0 = Debug|Any CPU
		{86235AAB-6E03-4642-89A3-E58E5D70217C}.Release|Any CPU.ActiveCfg = Release|Any CPU
		{86235AAB-6E03-4642-89A3-E58E5D70217C}.Release|Any CPU.Build.0 = Release|Any CPU
		{86235AAB-6E03-4642-89A3-E58E5D70217C}.Release|ARM32.ActiveCfg = Release|Any CPU
		{86235AAB-6E03-4642-89A3-E58E5D70217C}.Release|ARM32.Build.0 = Release|Any CPU
		{75771897-8936-496C-9AA8-30F6A5962AD2}.Debug|Any CPU.ActiveCfg = Debug|Any CPU
		{75771897-8936-496C-9AA8-30F6A5962AD2}.Debug|Any CPU.Build.0 = Debug|Any CPU
		{75771897-8936-496C-9AA8-30F6A5962AD2}.Debug|ARM32.ActiveCfg = Debug|Any CPU
		{75771897-8936-496C-9AA8-30F6A5962AD2}.Debug|ARM32.Build.0 = Debug|Any CPU
		{75771897-8936-496C-9AA8-30F6A5962AD2}.Release|Any CPU.ActiveCfg = Release|Any CPU
		{75771897-8936-496C-9AA8-30F6A5962AD2}.Release|Any CPU.Build.0 = Release|Any CPU
		{75771897-8936-496C-9AA8-30F6A5962AD2}.Release|ARM32.ActiveCfg = Release|Any CPU
		{75771897-8936-496C-9AA8-30F6A5962AD2}.Release|ARM32.Build.0 = Release|Any CPU
		{9BBA9636-A8B2-4FDD-9944-58B39F29168B}.Debug|Any CPU.ActiveCfg = Debug|Any CPU
		{9BBA9636-A8B2-4FDD-9944-58B39F29168B}.Debug|Any CPU.Build.0 = Debug|Any CPU
		{9BBA9636-A8B2-4FDD-9944-58B39F29168B}.Debug|ARM32.ActiveCfg = Debug|Any CPU
		{9BBA9636-A8B2-4FDD-9944-58B39F29168B}.Debug|ARM32.Build.0 = Debug|Any CPU
		{9BBA9636-A8B2-4FDD-9944-58B39F29168B}.Release|Any CPU.ActiveCfg = Release|Any CPU
		{9BBA9636-A8B2-4FDD-9944-58B39F29168B}.Release|Any CPU.Build.0 = Release|Any CPU
		{9BBA9636-A8B2-4FDD-9944-58B39F29168B}.Release|ARM32.ActiveCfg = Release|Any CPU
		{9BBA9636-A8B2-4FDD-9944-58B39F29168B}.Release|ARM32.Build.0 = Release|Any CPU
		{3EA84CDC-8ADC-4882-A6C3-EF08A7395400}.Debug|Any CPU.ActiveCfg = Debug|Any CPU
		{3EA84CDC-8ADC-4882-A6C3-EF08A7395400}.Debug|Any CPU.Build.0 = Debug|Any CPU
		{3EA84CDC-8ADC-4882-A6C3-EF08A7395400}.Debug|ARM32.ActiveCfg = Debug|Any CPU
		{3EA84CDC-8ADC-4882-A6C3-EF08A7395400}.Debug|ARM32.Build.0 = Debug|Any CPU
		{3EA84CDC-8ADC-4882-A6C3-EF08A7395400}.Release|Any CPU.ActiveCfg = Release|Any CPU
		{3EA84CDC-8ADC-4882-A6C3-EF08A7395400}.Release|Any CPU.Build.0 = Release|Any CPU
		{3EA84CDC-8ADC-4882-A6C3-EF08A7395400}.Release|ARM32.ActiveCfg = Release|Any CPU
		{3EA84CDC-8ADC-4882-A6C3-EF08A7395400}.Release|ARM32.Build.0 = Release|Any CPU
	EndGlobalSection
	GlobalSection(SolutionProperties) = preSolution
		HideSolutionNode = FALSE
	EndGlobalSection
	GlobalSection(ExtensibilityGlobals) = postSolution
		SolutionGuid = {AD49F510-DFD1-4ACD-936A-76BEEE2A6827}
	EndGlobalSection
EndGlobal
